# This file is generated by running "yarn install" inside your project.
# Manual changes might be lost - proceed with caution!

__metadata:
  version: 8
  cacheKey: 10c0

"@fastify/ajv-compiler@npm:^4.0.0":
  version: 4.0.2
  resolution: "@fastify/ajv-compiler@npm:4.0.2"
  dependencies:
    ajv: "npm:^8.12.0"
    ajv-formats: "npm:^3.0.1"
    fast-uri: "npm:^3.0.0"
  checksum: 10c0/ca048db219cc958fb1b962f5dfc141f29e067ecb28a8dbe782bbef80ae3c920021468009cad613f0ed68db410890bb09c773ba2f33cb13e055b48c9c338bd8fa
  languageName: node
  linkType: hard

"@fastify/autoload@npm:^6.3.1":
  version: 6.3.1
  resolution: "@fastify/autoload@npm:6.3.1"
  checksum: 10c0/7e45aafbdc8f884b260c8de4f3e19b024843c50908d1a6d0fd27fff2fd254651a4fa38867607e7f1cfaf3d68fcd86a5fe05a20765dae8c1c310600f3be668416
  languageName: node
  linkType: hard

"@fastify/cors@npm:^11.0.1":
  version: 11.0.1
  resolution: "@fastify/cors@npm:11.0.1"
  dependencies:
    fastify-plugin: "npm:^5.0.0"
    toad-cache: "npm:^3.7.0"
  checksum: 10c0/0b29e8ef1cc234f97f157d3f05ae7ed8ef332ef121fcbaa23d4de3b97593f54cb96c54fdd42a492530b520777a76a7a19ffc5087cd27da34c63838f4b185cae0
  languageName: node
  linkType: hard

"@fastify/error@npm:^4.0.0":
  version: 4.2.0
  resolution: "@fastify/error@npm:4.2.0"
  checksum: 10c0/8bdafe95b368a71dfc5644ef22e0a2412dfbb2f300cf4658fdbd9035c96d7c034c53fd7d38e1150437d9cf7a2d75e6bd05e458cf9ba5f2e47e527df8a5e0bd4e
  languageName: node
  linkType: hard

"@fastify/fast-json-stringify-compiler@npm:^5.0.0":
  version: 5.0.3
  resolution: "@fastify/fast-json-stringify-compiler@npm:5.0.3"
  dependencies:
    fast-json-stringify: "npm:^6.0.0"
  checksum: 10c0/1f0e33c973fc228de44d997a8a1a43e883a580a8c971773bb9cb2375b0114694f81b47c52ac7e788eb6372d1f3dfc10be3176bad354a80d502d8b26a93dbc6c9
  languageName: node
  linkType: hard

"@fastify/forwarded@npm:^3.0.0":
  version: 3.0.0
  resolution: "@fastify/forwarded@npm:3.0.0"
  checksum: 10c0/bd139ee46c193ed9e04af2539f31fcb9e542b91917820f6cf401d5715c4c8bcccaae4a148e0ca14eeddee077ad8a3ab73e6f0f1ad769aff861fcef5f0a28e0d2
  languageName: node
  linkType: hard

"@fastify/merge-json-schemas@npm:^0.2.0":
  version: 0.2.1
  resolution: "@fastify/merge-json-schemas@npm:0.2.1"
  dependencies:
    dequal: "npm:^2.0.3"
  checksum: 10c0/dfa884a8f62d53f71de273fdcd0e501b213367767a7d8c522ae87ba6fb571b3eea85175d6e019036d7c0c5419be60305abe54899b9459f76ed5333358699efcb
  languageName: node
  linkType: hard

"@fastify/proxy-addr@npm:^5.0.0":
  version: 5.0.0
  resolution: "@fastify/proxy-addr@npm:5.0.0"
  dependencies:
    "@fastify/forwarded": "npm:^3.0.0"
    ipaddr.js: "npm:^2.1.0"
  checksum: 10c0/5a7d667480c3699015aa9bc12a47b6044106f412725d91a1b90f4a7845390c710486f05d322a895c633fb32a5ba1a17e598cb72e727337862034034443d59bcd
  languageName: node
  linkType: hard

"@fastify/type-provider-typebox@npm:^5.1.0":
  version: 5.1.0
  resolution: "@fastify/type-provider-typebox@npm:5.1.0"
  peerDependencies:
    "@sinclair/typebox": ">=0.26 <=0.34"
  checksum: 10c0/f5857b25701d7fe4566d405327db87c2d025fc2a090700451e3feb1e8cbcf267d380e0673e32018b6d390fc252a0f77d7a81f134ef497b9c78db9bb9cc96a884
  languageName: node
  linkType: hard

"@prisma/client@npm:^6.11.1":
  version: 6.11.1
  resolution: "@prisma/client@npm:6.11.1"
  peerDependencies:
    prisma: "*"
    typescript: ">=5.1.0"
  peerDependenciesMeta:
    prisma:
      optional: true
    typescript:
      optional: true
  checksum: 10c0/6206ea06c099fbdc47c0bbde84a9d5adfcb333d9c037f000ba87d55efae0a915f74441d3ca20ef8d1542d3c15b6eba970657b96ec5b225afd31f3de585fa2976
  languageName: node
  linkType: hard

"@prisma/config@npm:6.11.1":
  version: 6.11.1
  resolution: "@prisma/config@npm:6.11.1"
  dependencies:
    jiti: "npm:2.4.2"
  checksum: 10c0/0be5bbc89b54bdf5bc6b12b280a8535474e3153c9c473c6d75b886c144bbdddf6abe0970afabd11db3a3ed1f3ac1f7bd4b53f1a775896ef372cb146813023ed3
  languageName: node
  linkType: hard

"@prisma/debug@npm:6.11.1":
  version: 6.11.1
  resolution: "@prisma/debug@npm:6.11.1"
  checksum: 10c0/43d7152ecdca6fdd40a5fa82836e3f3b51c340ecb92e24407657f9e5126d57882d97980c9b8a7522c608ee95a86a78951fc4406e0a22c46cfc823db06b724cd4
  languageName: node
  linkType: hard

"@prisma/engines-version@npm:6.11.1-1.f40f79ec31188888a2e33acda0ecc8fd10a853a9":
  version: 6.11.1-1.f40f79ec31188888a2e33acda0ecc8fd10a853a9
  resolution: "@prisma/engines-version@npm:6.11.1-1.f40f79ec31188888a2e33acda0ecc8fd10a853a9"
  checksum: 10c0/20495626c8944eda599e876e5f2818a688ac2d2bce3084aa9c500cc83be20951cde903ca26a7f01342ed2a26093c7286134bcae842625a4bd9976a6be4277c6d
  languageName: node
  linkType: hard

"@prisma/engines@npm:6.11.1":
  version: 6.11.1
  resolution: "@prisma/engines@npm:6.11.1"
  dependencies:
    "@prisma/debug": "npm:6.11.1"
    "@prisma/engines-version": "npm:6.11.1-1.f40f79ec31188888a2e33acda0ecc8fd10a853a9"
    "@prisma/fetch-engine": "npm:6.11.1"
    "@prisma/get-platform": "npm:6.11.1"
  checksum: 10c0/6c38385c915ee2803f9a33413d8f123569f021a24a649b8cbc5d2f4b0bb36e9dc8d417e6a5a32b99ab57f09c0c551a380c1f9c9e16bca663ff67e03f9b46b9d2
  languageName: node
  linkType: hard

"@prisma/fetch-engine@npm:6.11.1":
  version: 6.11.1
  resolution: "@prisma/fetch-engine@npm:6.11.1"
  dependencies:
    "@prisma/debug": "npm:6.11.1"
    "@prisma/engines-version": "npm:6.11.1-1.f40f79ec31188888a2e33acda0ecc8fd10a853a9"
    "@prisma/get-platform": "npm:6.11.1"
  checksum: 10c0/6844240ef4a82dbc2a44c9cf5f049670384c4ccd32335a100b84f0e98085f077be90e8e6e9606765559bfaa6fc3ebef0d1b846e7255f0b14feb1258e47e38b67
  languageName: node
  linkType: hard

"@prisma/get-platform@npm:6.11.1":
  version: 6.11.1
  resolution: "@prisma/get-platform@npm:6.11.1"
  dependencies:
    "@prisma/debug": "npm:6.11.1"
  checksum: 10c0/57f7bf9b7efa0581b6bdc3a2d09658b378de2284904fd3e5109b790f2562ef63d8cd3440a93dce19f56faa6582e25610d212697bfb03f25ec5ef96a58406a3c7
  languageName: node
  linkType: hard

"@tsconfig/node24@npm:^24.0.1":
  version: 24.0.1
  resolution: "@tsconfig/node24@npm:24.0.1"
  checksum: 10c0/18e2ad5946bc6ddc9fbe37c4537439245da16eb8a5888641a1cdbc412a465ee321b5fa7c0ffc489c929d65c8bd0698ece9e8f3c52ae2596433ad0e866857bc83
  languageName: node
  linkType: hard

"@types/node@npm:^24.0.10":
  version: 24.0.10
  resolution: "@types/node@npm:24.0.10"
  dependencies:
    undici-types: "npm:~7.8.0"
  checksum: 10c0/11dbd869d3e12ee7b7818113588950e538783e45d227122174c763cb05977defbd1e01b44b5ccd4b8997e42c3df7f7b83c6ee05cfa43d924c8882886bc5f6582
  languageName: node
  linkType: hard

"abstract-logging@npm:^2.0.1":
  version: 2.0.1
  resolution: "abstract-logging@npm:2.0.1"
  checksum: 10c0/304879d9babcf6772260e5ddde632e6428e1f42f7a7a116d4689e97ad813a20e0ec2dd1e0a122f3617557f40091b9ca85735de4b48c17a2041268cb47b3f8ef1
  languageName: node
  linkType: hard

"ajv-formats@npm:^3.0.1":
  version: 3.0.1
  resolution: "ajv-formats@npm:3.0.1"
  dependencies:
    ajv: "npm:^8.0.0"
  peerDependencies:
    ajv: ^8.0.0
  peerDependenciesMeta:
    ajv:
      optional: true
  checksum: 10c0/168d6bca1ea9f163b41c8147bae537e67bd963357a5488a1eaf3abe8baa8eec806d4e45f15b10767e6020679315c7e1e5e6803088dfb84efa2b4e9353b83dd0a
  languageName: node
  linkType: hard

"ajv@npm:^8.0.0, ajv@npm:^8.12.0":
  version: 8.17.1
  resolution: "ajv@npm:8.17.1"
  dependencies:
    fast-deep-equal: "npm:^3.1.3"
    fast-uri: "npm:^3.0.1"
    json-schema-traverse: "npm:^1.0.0"
    require-from-string: "npm:^2.0.2"
  checksum: 10c0/ec3ba10a573c6b60f94639ffc53526275917a2df6810e4ab5a6b959d87459f9ef3f00d5e7865b82677cb7d21590355b34da14d1d0b9c32d75f95a187e76fff35
  languageName: node
  linkType: hard

"atomic-sleep@npm:^1.0.0":
  version: 1.0.0
  resolution: "atomic-sleep@npm:1.0.0"
  checksum: 10c0/e329a6665512736a9bbb073e1761b4ec102f7926cce35037753146a9db9c8104f5044c1662e4a863576ce544fb8be27cd2be6bc8c1a40147d03f31eb1cfb6e8a
  languageName: node
  linkType: hard

"avvio@npm:^9.0.0":
  version: 9.1.0
  resolution: "avvio@npm:9.1.0"
  dependencies:
    "@fastify/error": "npm:^4.0.0"
    fastq: "npm:^1.17.1"
  checksum: 10c0/bdc294a7e8f38e1e21f9d338d97d7240025db54f1005fc419cfe0499a35edf2276ab1fe91135739faa3a9437358ec6912d5a56f23361b061880333cb4f1c7884
  languageName: node
  linkType: hard

"cookie@npm:^1.0.1":
  version: 1.0.2
  resolution: "cookie@npm:1.0.2"
  checksum: 10c0/fd25fe79e8fbcfcaf6aa61cd081c55d144eeeba755206c058682257cb38c4bd6795c6620de3f064c740695bb65b7949ebb1db7a95e4636efb8357a335ad3f54b
  languageName: node
  linkType: hard

"dequal@npm:^2.0.3":
  version: 2.0.3
  resolution: "dequal@npm:2.0.3"
  checksum: 10c0/f98860cdf58b64991ae10205137c0e97d384c3a4edc7f807603887b7c4b850af1224a33d88012009f150861cbee4fa2d322c4cc04b9313bee312e47f6ecaa888
  languageName: node
  linkType: hard

"dotenv@npm:^17.0.1":
  version: 17.0.1
  resolution: "dotenv@npm:17.0.1"
  checksum: 10c0/79d3381832ffc6ada0cab8158120c6190e8f8680c1ff985e9d4d1345229219923b23b800969ff47412a71f965da582c7a86a5ea0d257f9106f8f3522ceb5befa
  languageName: node
  linkType: hard

"fast-decode-uri-component@npm:^1.0.1":
  version: 1.0.1
  resolution: "fast-decode-uri-component@npm:1.0.1"
  checksum: 10c0/039d50c2e99d64f999c3f2126c23fbf75a04a4117e218a149ca0b1d2aeb8c834b7b19d643b9d35d4eabce357189a6a94085f78cf48869e6e26cc59b036284bc3
  languageName: node
  linkType: hard

"fast-deep-equal@npm:^3.1.3":
  version: 3.1.3
  resolution: "fast-deep-equal@npm:3.1.3"
  checksum: 10c0/40dedc862eb8992c54579c66d914635afbec43350afbbe991235fdcb4e3a8d5af1b23ae7e79bef7d4882d0ecee06c3197488026998fb19f72dc95acff1d1b1d0
  languageName: node
  linkType: hard

"fast-json-stringify@npm:^6.0.0":
  version: 6.0.1
  resolution: "fast-json-stringify@npm:6.0.1"
  dependencies:
    "@fastify/merge-json-schemas": "npm:^0.2.0"
    ajv: "npm:^8.12.0"
    ajv-formats: "npm:^3.0.1"
    fast-uri: "npm:^3.0.0"
    json-schema-ref-resolver: "npm:^2.0.0"
    rfdc: "npm:^1.2.0"
  checksum: 10c0/898aecd164707bced980fef61b0480dd80a47f87674d7643a75a60e5eca346018ba2552de200260030215d89f218d9cd7f342df14eec88ed44d45c81e4aa0eb4
  languageName: node
  linkType: hard

"fast-querystring@npm:^1.0.0":
  version: 1.1.2
  resolution: "fast-querystring@npm:1.1.2"
  dependencies:
    fast-decode-uri-component: "npm:^1.0.1"
  checksum: 10c0/e8223273a9b199722f760f5a047a77ad049a14bd444b821502cb8218f5925e3a5fffb56b64389bca73ab2ac6f1aa7aebbe4e203e5f6e53ff5978de97c0fde4e3
  languageName: node
  linkType: hard

"fast-redact@npm:^3.1.1":
  version: 3.5.0
  resolution: "fast-redact@npm:3.5.0"
  checksum: 10c0/7e2ce4aad6e7535e0775bf12bd3e4f2e53d8051d8b630e0fa9e67f68cb0b0e6070d2f7a94b1d0522ef07e32f7c7cda5755e2b677a6538f1e9070ca053c42343a
  languageName: node
  linkType: hard

"fast-uri@npm:^3.0.0, fast-uri@npm:^3.0.1":
  version: 3.0.6
  resolution: "fast-uri@npm:3.0.6"
  checksum: 10c0/74a513c2af0584448aee71ce56005185f81239eab7a2343110e5bad50c39ad4fb19c5a6f99783ead1cac7ccaf3461a6034fda89fffa2b30b6d99b9f21c2f9d29
  languageName: node
  linkType: hard

"fastify-plugin@npm:^5.0.0, fastify-plugin@npm:^5.0.1":
  version: 5.0.1
  resolution: "fastify-plugin@npm:5.0.1"
  checksum: 10c0/c5e5932e7b8c5713ff881adeade3e8ee8fc288e8249d79cd193a2a2438eef1ad58ae5814f12835acbf04025dbddf2628787cd845f3e550dee847f494a08f7c5b
  languageName: node
  linkType: hard

"fastify@npm:^5.4.0":
  version: 5.4.0
  resolution: "fastify@npm:5.4.0"
  dependencies:
    "@fastify/ajv-compiler": "npm:^4.0.0"
    "@fastify/error": "npm:^4.0.0"
    "@fastify/fast-json-stringify-compiler": "npm:^5.0.0"
    "@fastify/proxy-addr": "npm:^5.0.0"
    abstract-logging: "npm:^2.0.1"
    avvio: "npm:^9.0.0"
    fast-json-stringify: "npm:^6.0.0"
    find-my-way: "npm:^9.0.0"
    light-my-request: "npm:^6.0.0"
    pino: "npm:^9.0.0"
    process-warning: "npm:^5.0.0"
    rfdc: "npm:^1.3.1"
    secure-json-parse: "npm:^4.0.0"
    semver: "npm:^7.6.0"
    toad-cache: "npm:^3.7.0"
  checksum: 10c0/2508cbf354fb410a6b85408897296882cd34ca8049dc880e733fd5759ed446d3b9ef0036e0cfe8260c887ae3bbcdda4f02a5d88ed0e991703c5e0beee7ad86a3
  languageName: node
  linkType: hard

"fastq@npm:^1.17.1":
  version: 1.19.1
  resolution: "fastq@npm:1.19.1"
  dependencies:
    reusify: "npm:^1.0.4"
  checksum: 10c0/ebc6e50ac7048daaeb8e64522a1ea7a26e92b3cee5cd1c7f2316cdca81ba543aa40a136b53891446ea5c3a67ec215fbaca87ad405f102dd97012f62916905630
  languageName: node
  linkType: hard

"find-my-way@npm:^9.0.0":
  version: 9.3.0
  resolution: "find-my-way@npm:9.3.0"
  dependencies:
    fast-deep-equal: "npm:^3.1.3"
    fast-querystring: "npm:^1.0.0"
    safe-regex2: "npm:^5.0.0"
  checksum: 10c0/f221bc0c70b2c2a6f9282fd3e0ac1911fcbb68ac718da043ddcefdec3b9d884a54d6ef1bf92e1b2ff83400e50f3c22141206a8ea3308bf0e9e37fd177843425d
  languageName: node
  linkType: hard

"gossip-api@workspace:.":
  version: 0.0.0-use.local
  resolution: "gossip-api@workspace:."
  dependencies:
    "@fastify/autoload": "npm:^6.3.1"
    "@fastify/cors": "npm:^11.0.1"
    "@fastify/type-provider-typebox": "npm:^5.1.0"
    "@prisma/client": "npm:^6.11.1"
    "@tsconfig/node24": "npm:^24.0.1"
    "@types/node": "npm:^24.0.10"
    dotenv: "npm:^17.0.1"
    fastify: "npm:^5.4.0"
    fastify-plugin: "npm:^5.0.1"
    http-status-codes: "npm:^2.3.0"
    prettier: "npm:^3.6.2"
    prisma: "npm:^6.11.1"
    typescript: "npm:^5.8.3"
  languageName: unknown
  linkType: soft

"http-status-codes@npm:^2.3.0":
  version: 2.3.0
  resolution: "http-status-codes@npm:2.3.0"
  checksum: 10c0/c2412188929e8eed6623eef468c62d0c3c082919c03e9b74fd79cfd060d11783dba44603e38a3cee52d26563fe32005913eaf6120aa8ba907da1238f3eaad5fe
  languageName: node
  linkType: hard

"ipaddr.js@npm:^2.1.0":
  version: 2.2.0
  resolution: "ipaddr.js@npm:2.2.0"
  checksum: 10c0/e4ee875dc1bd92ac9d27e06cfd87cdb63ca786ff9fd7718f1d4f7a8ef27db6e5d516128f52d2c560408cbb75796ac2f83ead669e73507c86282d45f84c5abbb6
  languageName: node
  linkType: hard

"jiti@npm:2.4.2":
  version: 2.4.2
  resolution: "jiti@npm:2.4.2"
  bin:
    jiti: lib/jiti-cli.mjs
  checksum: 10c0/4ceac133a08c8faff7eac84aabb917e85e8257f5ad659e843004ce76e981c457c390a220881748ac67ba1b940b9b729b30fb85cbaf6e7989f04b6002c94da331
  languageName: node
  linkType: hard

"json-schema-ref-resolver@npm:^2.0.0":
  version: 2.0.1
  resolution: "json-schema-ref-resolver@npm:2.0.1"
  dependencies:
    dequal: "npm:^2.0.3"
  checksum: 10c0/3ea894d79dd176b4ef31f1a3b7b335447b854780f2bc49af2918de0502d3eabad1889232a7a72c37f1c7ca429acc2eaad940ca5fd25f8ead044d5fecb00e0378
  languageName: node
  linkType: hard

"json-schema-traverse@npm:^1.0.0":
  version: 1.0.0
  resolution: "json-schema-traverse@npm:1.0.0"
  checksum: 10c0/71e30015d7f3d6dc1c316d6298047c8ef98a06d31ad064919976583eb61e1018a60a0067338f0f79cabc00d84af3fcc489bd48ce8a46ea165d9541ba17fb30c6
  languageName: node
  linkType: hard

"light-my-request@npm:^6.0.0":
  version: 6.6.0
  resolution: "light-my-request@npm:6.6.0"
  dependencies:
    cookie: "npm:^1.0.1"
    process-warning: "npm:^4.0.0"
    set-cookie-parser: "npm:^2.6.0"
  checksum: 10c0/1440853cd3822ab83fbb1be4456099082dec8e9e3a4ea35c9d8d7d17a7ab98c83ad0a4c39a73a8c2b31b9ca70c57506e5b7a929495c149463ca0daca0d90dc6f
  languageName: node
  linkType: hard

"on-exit-leak-free@npm:^2.1.0":
  version: 2.1.2
  resolution: "on-exit-leak-free@npm:2.1.2"
  checksum: 10c0/faea2e1c9d696ecee919026c32be8d6a633a7ac1240b3b87e944a380e8a11dc9c95c4a1f8fb0568de7ab8db3823e790f12bda45296b1d111e341aad3922a0570
  languageName: node
  linkType: hard

"pino-abstract-transport@npm:^2.0.0":
  version: 2.0.0
  resolution: "pino-abstract-transport@npm:2.0.0"
  dependencies:
    split2: "npm:^4.0.0"
  checksum: 10c0/02c05b8f2ffce0d7c774c8e588f61e8b77de8ccb5f8125afd4a7325c9ea0e6af7fb78168999657712ae843e4462bb70ac550dfd6284f930ee57f17f486f25a9f
  languageName: node
  linkType: hard

"pino-std-serializers@npm:^7.0.0":
  version: 7.0.0
  resolution: "pino-std-serializers@npm:7.0.0"
  checksum: 10c0/73e694d542e8de94445a03a98396cf383306de41fd75ecc07085d57ed7a57896198508a0dec6eefad8d701044af21eb27253ccc352586a03cf0d4a0bd25b4133
  languageName: node
  linkType: hard

"pino@npm:^9.0.0":
  version: 9.7.0
  resolution: "pino@npm:9.7.0"
  dependencies:
    atomic-sleep: "npm:^1.0.0"
    fast-redact: "npm:^3.1.1"
    on-exit-leak-free: "npm:^2.1.0"
    pino-abstract-transport: "npm:^2.0.0"
    pino-std-serializers: "npm:^7.0.0"
    process-warning: "npm:^5.0.0"
    quick-format-unescaped: "npm:^4.0.3"
    real-require: "npm:^0.2.0"
    safe-stable-stringify: "npm:^2.3.1"
    sonic-boom: "npm:^4.0.1"
    thread-stream: "npm:^3.0.0"
  bin:
    pino: bin.js
  checksum: 10c0/c7f8a83a9a9d728b4eff6d0f4b9367f031c91bcaa5806fbf0eedcc8e77faba593d59baf11a8fba0dd1c778bb17ca7ed01418ac1df4ec129faeedd4f3ecaff66f
  languageName: node
  linkType: hard

"prettier@npm:^3.6.2":
  version: 3.6.2
  resolution: "prettier@npm:3.6.2"
  bin:
    prettier: bin/prettier.cjs
  checksum: 10c0/488cb2f2b99ec13da1e50074912870217c11edaddedeadc649b1244c749d15ba94e846423d062e2c4c9ae683e2d65f754de28889ba06e697ac4f988d44f45812
  languageName: node
  linkType: hard

"prisma@npm:^6.11.1":
  version: 6.11.1
  resolution: "prisma@npm:6.11.1"
  dependencies:
    "@prisma/config": "npm:6.11.1"
    "@prisma/engines": "npm:6.11.1"
  peerDependencies:
    typescript: ">=5.1.0"
  peerDependenciesMeta:
    typescript:
      optional: true
  bin:
    prisma: build/index.js
  checksum: 10c0/dab999d21a6fc2d3cacfcb2ff114f43266f58b87c2eee743ce4eeeb47146e6b87b3963f28d9544e236620e3dfb770baf61683ee058fdf6f76a7a23d2df2e81e5
  languageName: node
  linkType: hard

"process-warning@npm:^4.0.0":
  version: 4.0.1
  resolution: "process-warning@npm:4.0.1"
  checksum: 10c0/577a268b9fd5c3d9f6dbb4348220099391d830905642845d591e7ee8b1e45043d98b7b9826a3c1379bdd1686cdfe0f6cf349cb812affc5853b662e6a9896579e
  languageName: node
  linkType: hard

"process-warning@npm:^5.0.0":
  version: 5.0.0
  resolution: "process-warning@npm:5.0.0"
  checksum: 10c0/941f48863d368ec161e0b5890ba0c6af94170078f3d6b5e915c19b36fb59edb0dc2f8e834d25e0d375a8bf368a49d490f080508842168832b93489d17843ec29
  languageName: node
  linkType: hard

"quick-format-unescaped@npm:^4.0.3":
  version: 4.0.4
  resolution: "quick-format-unescaped@npm:4.0.4"
  checksum: 10c0/fe5acc6f775b172ca5b4373df26f7e4fd347975578199e7d74b2ae4077f0af05baa27d231de1e80e8f72d88275ccc6028568a7a8c9ee5e7368ace0e18eff93a4
  languageName: node
  linkType: hard

"real-require@npm:^0.2.0":
  version: 0.2.0
  resolution: "real-require@npm:0.2.0"
  checksum: 10c0/23eea5623642f0477412ef8b91acd3969015a1501ed34992ada0e3af521d3c865bb2fe4cdbfec5fe4b505f6d1ef6a03e5c3652520837a8c3b53decff7e74b6a0
  languageName: node
  linkType: hard

"require-from-string@npm:^2.0.2":
  version: 2.0.2
  resolution: "require-from-string@npm:2.0.2"
  checksum: 10c0/aaa267e0c5b022fc5fd4eef49d8285086b15f2a1c54b28240fdf03599cbd9c26049fee3eab894f2e1f6ca65e513b030a7c264201e3f005601e80c49fb2937ce2
  languageName: node
  linkType: hard

"ret@npm:~0.5.0":
  version: 0.5.0
  resolution: "ret@npm:0.5.0"
  checksum: 10c0/220868b194f87bf1998e32e409086eec6b39e860c052bf267f8ad4d0131706a9773d45fd3f91acfb1a7c928fce002b694ab86fdba90bc8d4b8df68fa8645c5cc
  languageName: node
  linkType: hard

"reusify@npm:^1.0.4":
  version: 1.1.0
  resolution: "reusify@npm:1.1.0"
  checksum: 10c0/4eff0d4a5f9383566c7d7ec437b671cc51b25963bd61bf127c3f3d3f68e44a026d99b8d2f1ad344afff8d278a8fe70a8ea092650a716d22287e8bef7126bb2fa
  languageName: node
  linkType: hard

"rfdc@npm:^1.2.0, rfdc@npm:^1.3.1":
  version: 1.4.1
  resolution: "rfdc@npm:1.4.1"
  checksum: 10c0/4614e4292356cafade0b6031527eea9bc90f2372a22c012313be1dcc69a3b90c7338158b414539be863fa95bfcb2ddcd0587be696841af4e6679d85e62c060c7
  languageName: node
  linkType: hard

"safe-regex2@npm:^5.0.0":
  version: 5.0.0
  resolution: "safe-regex2@npm:5.0.0"
  dependencies:
    ret: "npm:~0.5.0"
  checksum: 10c0/83d5b1b60a5a97cb71a6e615518ec4a47761b3600aba389089be59a417498185250db2368080afc2f5e91237d68809c6c634b97a2e1cc8bd56a4c7eef2eeb6cf
  languageName: node
  linkType: hard

"safe-stable-stringify@npm:^2.3.1":
  version: 2.5.0
  resolution: "safe-stable-stringify@npm:2.5.0"
  checksum: 10c0/baea14971858cadd65df23894a40588ed791769db21bafb7fd7608397dbdce9c5aac60748abae9995e0fc37e15f2061980501e012cd48859740796bea2987f49
  languageName: node
  linkType: hard

"secure-json-parse@npm:^4.0.0":
  version: 4.0.0
  resolution: "secure-json-parse@npm:4.0.0"
  checksum: 10c0/1a298cf00e1de91e833cee5eb406d6e77fb2f7eca9bef3902047d49e7f5d3e6c21b5de61ff73466c831e716430bfe87d732a6e645a7dabb5f1e8a8e4d3e15eb4
  languageName: node
  linkType: hard

"semver@npm:^7.6.0":
  version: 7.7.2
  resolution: "semver@npm:7.7.2"
  bin:
    semver: bin/semver.js
  checksum: 10c0/aca305edfbf2383c22571cb7714f48cadc7ac95371b4b52362fb8eeffdfbc0de0669368b82b2b15978f8848f01d7114da65697e56cd8c37b0dab8c58e543f9ea
  languageName: node
  linkType: hard

"set-cookie-parser@npm:^2.6.0":
  version: 2.7.1
  resolution: "set-cookie-parser@npm:2.7.1"
  checksum: 10c0/060c198c4c92547ac15988256f445eae523f57f2ceefeccf52d30d75dedf6bff22b9c26f756bd44e8e560d44ff4ab2130b178bd2e52ef5571bf7be3bd7632d9a
  languageName: node
  linkType: hard

"sonic-boom@npm:^4.0.1":
  version: 4.2.0
  resolution: "sonic-boom@npm:4.2.0"
  dependencies:
    atomic-sleep: "npm:^1.0.0"
  checksum: 10c0/ae897e6c2cd6d3cb7cdcf608bc182393b19c61c9413a85ce33ffd25891485589f39bece0db1de24381d0a38fc03d08c9862ded0c60f184f1b852f51f97af9684
  languageName: node
  linkType: hard

"split2@npm:^4.0.0":
  version: 4.2.0
  resolution: "split2@npm:4.2.0"
  checksum: 10c0/b292beb8ce9215f8c642bb68be6249c5a4c7f332fc8ecadae7be5cbdf1ea95addc95f0459ef2e7ad9d45fd1064698a097e4eb211c83e772b49bc0ee423e91534
  languageName: node
  linkType: hard

"thread-stream@npm:^3.0.0":
  version: 3.1.0
  resolution: "thread-stream@npm:3.1.0"
  dependencies:
    real-require: "npm:^0.2.0"
  checksum: 10c0/c36118379940b77a6ef3e6f4d5dd31e97b8210c3f7b9a54eb8fe6358ab173f6d0acfaf69b9c3db024b948c0c5fd2a7df93e2e49151af02076b35ada3205ec9a6
  languageName: node
  linkType: hard

"toad-cache@npm:^3.7.0":
  version: 3.7.0
  resolution: "toad-cache@npm:3.7.0"
  checksum: 10c0/7dae2782ee20b22c9798bb8b71dec7ec6a0091021d2ea9dd6e8afccab6b65b358fdba49a02209fac574499702e2c000660721516c87c2538d1b2c0ba03e8c0c3
  languageName: node
  linkType: hard

"typescript@npm:^5.8.3":
  version: 5.8.3
  resolution: "typescript@npm:5.8.3"
  bin:
    tsc: bin/tsc
    tsserver: bin/tsserver
  checksum: 10c0/5f8bb01196e542e64d44db3d16ee0e4063ce4f3e3966df6005f2588e86d91c03e1fb131c2581baf0fb65ee79669eea6e161cd448178986587e9f6844446dbb48
  languageName: node
  linkType: hard

"typescript@patch:typescript@npm%3A^5.8.3#optional!builtin<compat/typescript>":
  version: 5.8.3
  resolution: "typescript@patch:typescript@npm%3A5.8.3#optional!builtin<compat/typescript>::version=5.8.3&hash=8c6c40"
  bin:
    tsc: bin/tsc
    tsserver: bin/tsserver
  checksum: 10c0/92ea03509e06598948559ddcdd8a4ae5a7ab475766d5589f1b796f5731b3d631a4c7ddfb86a3bd44d58d10102b132cd4b4994dda9b63e6273c66d77d6a271dbd
  languageName: node
  linkType: hard

"undici-types@npm:~7.8.0":
  version: 7.8.0
  resolution: "undici-types@npm:7.8.0"
  checksum: 10c0/9d9d246d1dc32f318d46116efe3cfca5a72d4f16828febc1918d94e58f6ffcf39c158aa28bf5b4fc52f410446bc7858f35151367bd7a49f21746cab6497b709b
  languageName: node
  linkType: hard
